
Microsoft Visual Studio Solution File, Format Version 12.00
# Visual Studio 15
VisualStudioVersion = 15.0.28307.779
MinimumVisualStudioVersion = 10.0.40219.1
Project("{FAE04EC0-301F-11D3-BF4B-00C04F79EFBC}") = "Библиотечный_фонд", "Библиотечный_фонд\Библиотечный_фонд.csproj", "{E150510B-DF36-4D4C-B8A2-B52DD8FBC211}"
EndProject
Global
	GlobalSection(SolutionConfigurationPlatforms) = preSolution
		Debug|Any CPU = Debug|Any CPU
		Release|Any CPU = Release|Any CPU
	EndGlobalSection
	GlobalSection(ProjectConfigurationPlatforms) = postSolution
		{E150510B-DF36-4D4C-B8A2-B52DD8FBC211}.Debug|Any CPU.ActiveCfg = Debug|Any CPU
		{E150510B-DF36-4D4C-B8A2-B52DD8FBC211}.Debug|Any CPU.Build.0 = Debug|Any CPU
		{E150510B-DF36-4D4C-B8A2-B52DD8FBC211}.Release|Any CPU.ActiveCfg = Release|Any CPU
		{E150510B-DF36-4D4C-B8A2-B52DD8FBC211}.Release|Any CPU.Build.0 = Release|Any CPU
	EndGlobalSection
	GlobalSection(SolutionProperties) = preSolution
		HideSolutionNode = FALSE
	EndGlobalSection
	GlobalSection(ExtensibilityGlobals) = postSolution
		SolutionGuid = {A88C7AB9-B9D5-4886-8045-AA8A8539AB13}
	EndGlobalSection
EndGlobal
